// !$*UTF8*$!
{
	archiveVersion = 1;
	classes = {
	};
	objectVersion = 50;
	objects = {

/* Begin PBXBuildFile section */
		2C287915265F709B007F1DF8 /* AppDelegate.m in Sources */ = {isa = PBXBuildFile; fileRef = 2C287914265F709B007F1DF8 /* AppDelegate.m */; };
		2C287918265F709B007F1DF8 /* ViewController.m in Sources */ = {isa = PBXBuildFile; fileRef = 2C287917265F709B007F1DF8 /* ViewController.m */; };
		2C28791A265F709D007F1DF8 /* Assets.xcassets in Resources */ = {isa = PBXBuildFile; fileRef = 2C287919265F709D007F1DF8 /* Assets.xcassets */; };
		2C28791D265F709D007F1DF8 /* Main.storyboard in Resources */ = {isa = PBXBuildFile; fileRef = 2C28791B265F709D007F1DF8 /* Main.storyboard */; };
		2C287920265F709D007F1DF8 /* main.m in Sources */ = {isa = PBXBuildFile; fileRef = 2C28791F265F709D007F1DF8 /* main.m */; };
		2C287927265F71C7007F1DF8 /* libIVCReader.a in Frameworks */ = {isa = PBXBuildFile; fileRef = 2CDF3CDB265EC6BC00A31FD1 /* libIVCReader.a */; };
		2C28792A265F71D0007F1DF8 /* libiconv.2.4.0.tbd in Frameworks */ = {isa = PBXBuildFile; fileRef = 2CC1210A265E0CCF00D57534 /* libiconv.2.4.0.tbd */; };
		2C2CBF6626556BFB006D96A4 /* main.c in Sources */ = {isa = PBXBuildFile; fileRef = 2C2CBF6526556BFB006D96A4 /* main.c */; };
		2C85616026578FCC00988D91 /* CoreFoundation.framework in Frameworks */ = {isa = PBXBuildFile; fileRef = 2C85615F26578FCC00988D91 /* CoreFoundation.framework */; };
		2CC1210B265E0CEC00D57534 /* libiconv.2.4.0.tbd in Frameworks */ = {isa = PBXBuildFile; fileRef = 2CC1210A265E0CCF00D57534 /* libiconv.2.4.0.tbd */; };
		2CDF3CE6265EC73A00A31FD1 /* libIVCReader.c in Sources */ = {isa = PBXBuildFile; fileRef = 2CDF3CE4265EC73A00A31FD1 /* libIVCReader.c */; };
		2CDF3CE7265EC73A00A31FD1 /* libIVCReader.h in Headers */ = {isa = PBXBuildFile; fileRef = 2CDF3CE5265EC73A00A31FD1 /* libIVCReader.h */; };
		2CDF3CEA265EC9B200A31FD1 /* libIVCReader.a in Frameworks */ = {isa = PBXBuildFile; fileRef = 2CDF3CDB265EC6BC00A31FD1 /* libIVCReader.a */; };
		2CDF3CEC265EDCE700A31FD1 /* libIVCFields.h in Headers */ = {isa = PBXBuildFile; fileRef = 2CDF3CEB265EDCE700A31FD1 /* libIVCFields.h */; };
/* End PBXBuildFile section */

/* Begin PBXContainerItemProxy section */
		2C287925265F70BE007F1DF8 /* PBXContainerItemProxy */ = {
			isa = PBXContainerItemProxy;
			containerPortal = 2C2CBF5A26556BFB006D96A4 /* Project object */;
			proxyType = 1;
			remoteGlobalIDString = 2CDF3CDA265EC6BC00A31FD1;
			remoteInfo = IVCReader;
		};
		2C287928265F71C7007F1DF8 /* PBXContainerItemProxy */ = {
			isa = PBXContainerItemProxy;
			containerPortal = 2C2CBF5A26556BFB006D96A4 /* Project object */;
			proxyType = 1;
			remoteGlobalIDString = 2CDF3CDA265EC6BC00A31FD1;
			remoteInfo = IVCReader;
		};
		2CDF3CE8265EC8D300A31FD1 /* PBXContainerItemProxy */ = {
			isa = PBXContainerItemProxy;
			containerPortal = 2C2CBF5A26556BFB006D96A4 /* Project object */;
			proxyType = 1;
			remoteGlobalIDString = 2CDF3CDA265EC6BC00A31FD1;
			remoteInfo = IVCReader;
		};
/* End PBXContainerItemProxy section */

/* Begin PBXCopyFilesBuildPhase section */
		2C2CBF6026556BFB006D96A4 /* CopyFiles */ = {
			isa = PBXCopyFilesBuildPhase;
			buildActionMask = 2147483647;
			dstPath = /usr/share/man/man1/;
			dstSubfolderSpec = 0;
			files = (
			);
			runOnlyForDeploymentPostprocessing = 1;
		};
/* End PBXCopyFilesBuildPhase section */

/* Begin PBXFileReference section */
		2C287911265F709B007F1DF8 /* ivrObjc.app */ = {isa = PBXFileReference; explicitFileType = wrapper.application; includeInIndex = 0; path = ivrObjc.app; sourceTree = BUILT_PRODUCTS_DIR; };
		2C287913265F709B007F1DF8 /* AppDelegate.h */ = {isa = PBXFileReference; lastKnownFileType = sourcecode.c.h; path = AppDelegate.h; sourceTree = "<group>"; };
		2C287914265F709B007F1DF8 /* AppDelegate.m */ = {isa = PBXFileReference; lastKnownFileType = sourcecode.c.objc; path = AppDelegate.m; sourceTree = "<group>"; };
		2C287916265F709B007F1DF8 /* ViewController.h */ = {isa = PBXFileReference; lastKnownFileType = sourcecode.c.h; path = ViewController.h; sourceTree = "<group>"; };
		2C287917265F709B007F1DF8 /* ViewController.m */ = {isa = PBXFileReference; lastKnownFileType = sourcecode.c.objc; path = ViewController.m; sourceTree = "<group>"; };
		2C287919265F709D007F1DF8 /* Assets.xcassets */ = {isa = PBXFileReference; lastKnownFileType = folder.assetcatalog; path = Assets.xcassets; sourceTree = "<group>"; };
		2C28791C265F709D007F1DF8 /* Base */ = {isa = PBXFileReference; lastKnownFileType = file.storyboard; name = Base; path = Base.lproj/Main.storyboard; sourceTree = "<group>"; };
		2C28791E265F709D007F1DF8 /* Info.plist */ = {isa = PBXFileReference; lastKnownFileType = text.plist.xml; path = Info.plist; sourceTree = "<group>"; };
		2C28791F265F709D007F1DF8 /* main.m */ = {isa = PBXFileReference; lastKnownFileType = sourcecode.c.objc; path = main.m; sourceTree = "<group>"; };
		2C287921265F709D007F1DF8 /* ivrObjc.entitlements */ = {isa = PBXFileReference; lastKnownFileType = text.plist.entitlements; path = ivrObjc.entitlements; sourceTree = "<group>"; };
		2C2CBF6226556BFB006D96A4 /* ivr */ = {isa = PBXFileReference; explicitFileType = "compiled.mach-o.executable"; includeInIndex = 0; path = ivr; sourceTree = BUILT_PRODUCTS_DIR; };
		2C2CBF6526556BFB006D96A4 /* main.c */ = {isa = PBXFileReference; lastKnownFileType = sourcecode.c.c; path = main.c; sourceTree = "<group>"; };
		2C85615F26578FCC00988D91 /* CoreFoundation.framework */ = {isa = PBXFileReference; lastKnownFileType = wrapper.framework; name = CoreFoundation.framework; path = System/Library/Frameworks/CoreFoundation.framework; sourceTree = SDKROOT; };
		2C856163265791A200988D91 /* private.h */ = {isa = PBXFileReference; lastKnownFileType = sourcecode.c.h; path = private.h; sourceTree = "<group>"; };
		2CC1210A265E0CCF00D57534 /* libiconv.2.4.0.tbd */ = {isa = PBXFileReference; lastKnownFileType = "sourcecode.text-based-dylib-definition"; name = libiconv.2.4.0.tbd; path = usr/lib/libiconv.2.4.0.tbd; sourceTree = SDKROOT; };
		2CC1210C265E0CEC00D57534 /* libiconv.tbd */ = {isa = PBXFileReference; lastKnownFileType = "sourcecode.text-based-dylib-definition"; name = libiconv.tbd; path = usr/lib/libiconv.tbd; sourceTree = SDKROOT; };
		2CC1210D265E0CEC00D57534 /* libiconv.2.tbd */ = {isa = PBXFileReference; lastKnownFileType = "sourcecode.text-based-dylib-definition"; name = libiconv.2.tbd; path = usr/lib/libiconv.2.tbd; sourceTree = SDKROOT; };
		2CDF3CDB265EC6BC00A31FD1 /* libIVCReader.a */ = {isa = PBXFileReference; explicitFileType = archive.ar; includeInIndex = 0; path = libIVCReader.a; sourceTree = BUILT_PRODUCTS_DIR; };
		2CDF3CE4265EC73A00A31FD1 /* libIVCReader.c */ = {isa = PBXFileReference; fileEncoding = 4; lastKnownFileType = sourcecode.c.c; path = libIVCReader.c; sourceTree = "<group>"; };
		2CDF3CE5265EC73A00A31FD1 /* libIVCReader.h */ = {isa = PBXFileReference; fileEncoding = 4; lastKnownFileType = sourcecode.c.h; path = libIVCReader.h; sourceTree = "<group>"; };
		2CDF3CEB265EDCE700A31FD1 /* libIVCFields.h */ = {isa = PBXFileReference; fileEncoding = 4; lastKnownFileType = sourcecode.c.h; path = libIVCFields.h; sourceTree = "<group>"; };
/* End PBXFileReference section */

/* Begin PBXFrameworksBuildPhase section */
		2C28790E265F709B007F1DF8 /* Frameworks */ = {
			isa = PBXFrameworksBuildPhase;
			buildActionMask = 2147483647;
			files = (
				2C28792A265F71D0007F1DF8 /* libiconv.2.4.0.tbd in Frameworks */,
				2C287927265F71C7007F1DF8 /* libIVCReader.a in Frameworks */,
			);
			runOnlyForDeploymentPostprocessing = 0;
		};
		2C2CBF5F26556BFB006D96A4 /* Frameworks */ = {
			isa = PBXFrameworksBuildPhase;
			buildActionMask = 2147483647;
			files = (
				2CDF3CEA265EC9B200A31FD1 /* libIVCReader.a in Frameworks */,
				2CC1210B265E0CEC00D57534 /* libiconv.2.4.0.tbd in Frameworks */,
				2C85616026578FCC00988D91 /* CoreFoundation.framework in Frameworks */,
			);
			runOnlyForDeploymentPostprocessing = 0;
		};
		2CDF3CD9265EC6BC00A31FD1 /* Frameworks */ = {
			isa = PBXFrameworksBuildPhase;
			buildActionMask = 2147483647;
			files = (
			);
			runOnlyForDeploymentPostprocessing = 0;
		};
/* End PBXFrameworksBuildPhase section */

/* Begin PBXGroup section */
		2C287912265F709B007F1DF8 /* ivrObjc */ = {
			isa = PBXGroup;
			children = (
				2C287913265F709B007F1DF8 /* AppDelegate.h */,
				2C287914265F709B007F1DF8 /* AppDelegate.m */,
				2C287916265F709B007F1DF8 /* ViewController.h */,
				2C287917265F709B007F1DF8 /* ViewController.m */,
				2C287919265F709D007F1DF8 /* Assets.xcassets */,
				2C28791B265F709D007F1DF8 /* Main.storyboard */,
				2C28791E265F709D007F1DF8 /* Info.plist */,
				2C28791F265F709D007F1DF8 /* main.m */,
				2C287921265F709D007F1DF8 /* ivrObjc.entitlements */,
			);
			path = ivrObjc;
			sourceTree = "<group>";
		};
		2C2CBF5926556BFB006D96A4 = {
			isa = PBXGroup;
			children = (
				2C2CBF6426556BFB006D96A4 /* ivr */,
				2C287912265F709B007F1DF8 /* ivrObjc */,
				2CDF3CDF265EC6CE00A31FD1 /* libIVCReader */,
				2C2CBF6326556BFB006D96A4 /* Products */,
				2C85615E26578FCC00988D91 /* Frameworks */,
			);
			sourceTree = "<group>";
		};
		2C2CBF6326556BFB006D96A4 /* Products */ = {
			isa = PBXGroup;
			children = (
				2C2CBF6226556BFB006D96A4 /* ivr */,
				2CDF3CDB265EC6BC00A31FD1 /* libIVCReader.a */,
				2C287911265F709B007F1DF8 /* ivrObjc.app */,
			);
			name = Products;
			sourceTree = "<group>";
		};
		2C2CBF6426556BFB006D96A4 /* ivr */ = {
			isa = PBXGroup;
			children = (
				2C2CBF6526556BFB006D96A4 /* main.c */,
			);
			path = ivr;
			sourceTree = "<group>";
		};
		2C85615E26578FCC00988D91 /* Frameworks */ = {
			isa = PBXGroup;
			children = (
				2CC1210D265E0CEC00D57534 /* libiconv.2.tbd */,
				2CC1210C265E0CEC00D57534 /* libiconv.tbd */,
				2CC1210A265E0CCF00D57534 /* libiconv.2.4.0.tbd */,
				2C85615F26578FCC00988D91 /* CoreFoundation.framework */,
			);
			name = Frameworks;
			sourceTree = "<group>";
		};
		2CDF3CDF265EC6CE00A31FD1 /* libIVCReader */ = {
			isa = PBXGroup;
			children = (
				2CDF3CE4265EC73A00A31FD1 /* libIVCReader.c */,
				2CDF3CE5265EC73A00A31FD1 /* libIVCReader.h */,
				2CDF3CEB265EDCE700A31FD1 /* libIVCFields.h */,
				2C856163265791A200988D91 /* private.h */,
			);
			path = libIVCReader;
			sourceTree = "<group>";
		};
/* End PBXGroup section */

/* Begin PBXHeadersBuildPhase section */
		2CDF3CD7265EC6BC00A31FD1 /* Headers */ = {
			isa = PBXHeadersBuildPhase;
			buildActionMask = 2147483647;
			files = (
				2CDF3CEC265EDCE700A31FD1 /* libIVCFields.h in Headers */,
				2CDF3CE7265EC73A00A31FD1 /* libIVCReader.h in Headers */,
			);
			runOnlyForDeploymentPostprocessing = 0;
		};
/* End PBXHeadersBuildPhase section */

/* Begin PBXNativeTarget section */
		2C287910265F709B007F1DF8 /* ivrObjc */ = {
			isa = PBXNativeTarget;
			buildConfigurationList = 2C287922265F709D007F1DF8 /* Build configuration list for PBXNativeTarget "ivrObjc" */;
			buildPhases = (
				2C28790D265F709B007F1DF8 /* Sources */,
				2C28790E265F709B007F1DF8 /* Frameworks */,
				2C28790F265F709B007F1DF8 /* Resources */,
			);
			buildRules = (
			);
			dependencies = (
				2C287926265F70BE007F1DF8 /* PBXTargetDependency */,
				2C287929265F71C7007F1DF8 /* PBXTargetDependency */,
			);
			name = ivrObjc;
			productName = ivrObjc;
			productReference = 2C287911265F709B007F1DF8 /* ivrObjc.app */;
			productType = "com.apple.product-type.application";
		};
		2C2CBF6126556BFB006D96A4 /* ivr */ = {
			isa = PBXNativeTarget;
			buildConfigurationList = 2C2CBF6926556BFB006D96A4 /* Build configuration list for PBXNativeTarget "ivr" */;
			buildPhases = (
				2C2CBF5E26556BFB006D96A4 /* Sources */,
				2C2CBF5F26556BFB006D96A4 /* Frameworks */,
				2C2CBF6026556BFB006D96A4 /* CopyFiles */,
			);
			buildRules = (
			);
			dependencies = (
				2CDF3CE9265EC8D300A31FD1 /* PBXTargetDependency */,
			);
			name = ivr;
			productName = ivr;
			productReference = 2C2CBF6226556BFB006D96A4 /* ivr */;
			productType = "com.apple.product-type.tool";
		};
		2CDF3CDA265EC6BC00A31FD1 /* IVCReader */ = {
			isa = PBXNativeTarget;
			buildConfigurationList = 2CDF3CDE265EC6BC00A31FD1 /* Build configuration list for PBXNativeTarget "IVCReader" */;
			buildPhases = (
				2CDF3CD7265EC6BC00A31FD1 /* Headers */,
				2CDF3CD8265EC6BC00A31FD1 /* Sources */,
				2CDF3CD9265EC6BC00A31FD1 /* Frameworks */,
			);
			buildRules = (
			);
			dependencies = (
			);
			name = IVCReader;
			productName = IVCReader;
			productReference = 2CDF3CDB265EC6BC00A31FD1 /* libIVCReader.a */;
			productType = "com.apple.product-type.library.static";
		};
/* End PBXNativeTarget section */

/* Begin PBXProject section */
		2C2CBF5A26556BFB006D96A4 /* Project object */ = {
			isa = PBXProject;
			attributes = {
				LastUpgradeCheck = 1250;
				TargetAttributes = {
					2C287910265F709B007F1DF8 = {
						CreatedOnToolsVersion = 12.5;
					};
					2C2CBF6126556BFB006D96A4 = {
						CreatedOnToolsVersion = 12.5;
					};
					2CDF3CDA265EC6BC00A31FD1 = {
						CreatedOnToolsVersion = 12.5;
					};
				};
			};
			buildConfigurationList = 2C2CBF5D26556BFB006D96A4 /* Build configuration list for PBXProject "ivr" */;
			compatibilityVersion = "Xcode 9.3";
			developmentRegion = en;
			hasScannedForEncodings = 0;
			knownRegions = (
				en,
				Base,
			);
			mainGroup = 2C2CBF5926556BFB006D96A4;
			productRefGroup = 2C2CBF6326556BFB006D96A4 /* Products */;
			projectDirPath = "";
			projectRoot = "";
			targets = (
				2C2CBF6126556BFB006D96A4 /* ivr */,
				2C287910265F709B007F1DF8 /* ivrObjc */,
				2CDF3CDA265EC6BC00A31FD1 /* IVCReader */,
			);
		};
/* End PBXProject section */

/* Begin PBXResourcesBuildPhase section */
		2C28790F265F709B007F1DF8 /* Resources */ = {
			isa = PBXResourcesBuildPhase;
			buildActionMask = 2147483647;
			files = (
				2C28791A265F709D007F1DF8 /* Assets.xcassets in Resources */,
				2C28791D265F709D007F1DF8 /* Main.storyboard in Resources */,
			);
			runOnlyForDeploymentPostprocessing = 0;
		};
/* End PBXResourcesBuildPhase section */

/* Begin PBXSourcesBuildPhase section */
		2C28790D265F709B007F1DF8 /* Sources */ = {
			isa = PBXSourcesBuildPhase;
			buildActionMask = 2147483647;
			files = (
				2C287918265F709B007F1DF8 /* ViewController.m in Sources */,
				2C287920265F709D007F1DF8 /* main.m in Sources */,
				2C287915265F709B007F1DF8 /* AppDelegate.m in Sources */,
			);
			runOnlyForDeploymentPostprocessing = 0;
		};
		2C2CBF5E26556BFB006D96A4 /* Sources */ = {
			isa = PBXSourcesBuildPhase;
			buildActionMask = 2147483647;
			files = (
				2C2CBF6626556BFB006D96A4 /* main.c in Sources */,
			);
			runOnlyForDeploymentPostprocessing = 0;
		};
		2CDF3CD8265EC6BC00A31FD1 /* Sources */ = {
			isa = PBXSourcesBuildPhase;
			buildActionMask = 2147483647;
			files = (
				2CDF3CE6265EC73A00A31FD1 /* libIVCReader.c in Sources */,
			);
			runOnlyForDeploymentPostprocessing = 0;
		};
/* End PBXSourcesBuildPhase section */

/* Begin PBXTargetDependency section */
		2C287926265F70BE007F1DF8 /* PBXTargetDependency */ = {
			isa = PBXTargetDependency;
			target = 2CDF3CDA265EC6BC00A31FD1 /* IVCReader */;
			targetProxy = 2C287925265F70BE007F1DF8 /* PBXContainerItemProxy */;
		};
		2C287929265F71C7007F1DF8 /* PBXTargetDependency */ = {
			isa = PBXTargetDependency;
			target = 2CDF3CDA265EC6BC00A31FD1 /* IVCReader */;
			targetProxy = 2C287928265F71C7007F1DF8 /* PBXContainerItemProxy */;
		};
		2CDF3CE9265EC8D300A31FD1 /* PBXTargetDependency */ = {
			isa = PBXTargetDependency;
			target = 2CDF3CDA265EC6BC00A31FD1 /* IVCReader */;
			targetProxy = 2CDF3CE8265EC8D300A31FD1 /* PBXContainerItemProxy */;
		};
/* End PBXTargetDependency section */

/* Begin PBXVariantGroup section */
		2C28791B265F709D007F1DF8 /* Main.storyboard */ = {
			isa = PBXVariantGroup;
			children = (
				2C28791C265F709D007F1DF8 /* Base */,
			);
			name = Main.storyboard;
			sourceTree = "<group>";
		};
/* End PBXVariantGroup section */

/* Begin XCBuildConfiguration section */
		2C287923265F709D007F1DF8 /* Debug */ = {
			isa = XCBuildConfiguration;
			buildSettings = {
				ASSETCATALOG_COMPILER_APPICON_NAME = AppIcon;
				ASSETCATALOG_COMPILER_GLOBAL_ACCENT_COLOR_NAME = AccentColor;
				CODE_SIGN_ENTITLEMENTS = ivrObjc/ivrObjc.entitlements;
				CODE_SIGN_STYLE = Automatic;
				COMBINE_HIDPI_IMAGES = YES;
				DEVELOPMENT_TEAM = 7V3CUZQKCG;
				ENABLE_HARDENED_RUNTIME = YES;
				INFOPLIST_FILE = ivrObjc/Info.plist;
				LD_RUNPATH_SEARCH_PATHS = (
					"$(inherited)",
					"@executable_path/../Frameworks",
				);
				PRODUCT_BUNDLE_IDENTIFIER = SmartToolboxIdeas.ivrObjc;
				PRODUCT_NAME = "$(TARGET_NAME)";
			};
			name = Debug;
		};
		2C287924265F709D007F1DF8 /* Release */ = {
			isa = XCBuildConfiguration;
			buildSettings = {
				ASSETCATALOG_COMPILER_APPICON_NAME = AppIcon;
				ASSETCATALOG_COMPILER_GLOBAL_ACCENT_COLOR_NAME = AccentColor;
				CODE_SIGN_ENTITLEMENTS = ivrObjc/ivrObjc.entitlements;
				CODE_SIGN_STYLE = Automatic;
				COMBINE_HIDPI_IMAGES = YES;
				DEVELOPMENT_TEAM = 7V3CUZQKCG;
				ENABLE_HARDENED_RUNTIME = YES;
				INFOPLIST_FILE = ivrObjc/Info.plist;
				LD_RUNPATH_SEARCH_PATHS = (
					"$(inherited)",
					"@executable_path/../Frameworks",
				);
				PRODUCT_BUNDLE_IDENTIFIER = SmartToolboxIdeas.ivrObjc;
				PRODUCT_NAME = "$(TARGET_NAME)";
			};
			name = Release;
		};
		2C2CBF6726556BFB006D96A4 /* Debug */ = {
			isa = XCBuildConfiguration;
			buildSettings = {
				ALWAYS_SEARCH_USER_PATHS = NO;
				CLANG_ANALYZER_NONNULL = YES;
				CLANG_ANALYZER_NUMBER_OBJECT_CONVERSION = YES_AGGRESSIVE;
				CLANG_CXX_LANGUAGE_STANDARD = "gnu++14";
				CLANG_CXX_LIBRARY = "libc++";
				CLANG_ENABLE_MODULES = YES;
				CLANG_ENABLE_OBJC_ARC = YES;
				CLANG_ENABLE_OBJC_WEAK = YES;
				CLANG_WARN_BLOCK_CAPTURE_AUTORELEASING = YES;
				CLANG_WARN_BOOL_CONVERSION = YES;
				CLANG_WARN_COMMA = YES;
				CLANG_WARN_CONSTANT_CONVERSION = YES;
				CLANG_WARN_DEPRECATED_OBJC_IMPLEMENTATIONS = YES;
				CLANG_WARN_DIRECT_OBJC_ISA_USAGE = YES_ERROR;
				CLANG_WARN_DOCUMENTATION_COMMENTS = YES;
				CLANG_WARN_EMPTY_BODY = YES;
				CLANG_WARN_ENUM_CONVERSION = YES;
				CLANG_WARN_INFINITE_RECURSION = YES;
				CLANG_WARN_INT_CONVERSION = YES;
				CLANG_WARN_NON_LITERAL_NULL_CONVERSION = YES;
				CLANG_WARN_OBJC_IMPLICIT_RETAIN_SELF = YES;
				CLANG_WARN_OBJC_LITERAL_CONVERSION = YES;
				CLANG_WARN_OBJC_ROOT_CLASS = YES_ERROR;
				CLANG_WARN_QUOTED_INCLUDE_IN_FRAMEWORK_HEADER = YES;
				CLANG_WARN_RANGE_LOOP_ANALYSIS = YES;
				CLANG_WARN_STRICT_PROTOTYPES = YES;
				CLANG_WARN_SUSPICIOUS_MOVE = YES;
				CLANG_WARN_UNGUARDED_AVAILABILITY = YES_AGGRESSIVE;
				CLANG_WARN_UNREACHABLE_CODE = YES;
				CLANG_WARN__DUPLICATE_METHOD_MATCH = YES;
				COPY_PHASE_STRIP = NO;
				DEBUG_INFORMATION_FORMAT = dwarf;
				ENABLE_STRICT_OBJC_MSGSEND = YES;
				ENABLE_TESTABILITY = YES;
				GCC_C_LANGUAGE_STANDARD = gnu11;
				GCC_DYNAMIC_NO_PIC = NO;
				GCC_NO_COMMON_BLOCKS = YES;
				GCC_OPTIMIZATION_LEVEL = 0;
				GCC_PREPROCESSOR_DEFINITIONS = (
					"DEBUG=1",
					"$(inherited)",
				);
				GCC_WARN_64_TO_32_BIT_CONVERSION = YES;
				GCC_WARN_ABOUT_RETURN_TYPE = YES_ERROR;
				GCC_WARN_UNDECLARED_SELECTOR = YES;
				GCC_WARN_UNINITIALIZED_AUTOS = YES_AGGRESSIVE;
				GCC_WARN_UNUSED_FUNCTION = YES;
				GCC_WARN_UNUSED_VARIABLE = YES;
				MACOSX_DEPLOYMENT_TARGET = 11.3;
				MTL_ENABLE_DEBUG_INFO = INCLUDE_SOURCE;
				MTL_FAST_MATH = YES;
				ONLY_ACTIVE_ARCH = YES;
				SDKROOT = macosx;
			};
			name = Debug;
		};
		2C2CBF6826556BFB006D96A4 /* Release */ = {
			isa = XCBuildConfiguration;
			buildSettings = {
				ALWAYS_SEARCH_USER_PATHS = NO;
				CLANG_ANALYZER_NONNULL = YES;
				CLANG_ANALYZER_NUMBER_OBJECT_CONVERSION = YES_AGGRESSIVE;
				CLANG_CXX_LANGUAGE_STANDARD = "gnu++14";
				CLANG_CXX_LIBRARY = "libc++";
				CLANG_ENABLE_MODULES = YES;
				CLANG_ENABLE_OBJC_ARC = YES;
				CLANG_ENABLE_OBJC_WEAK = YES;
				CLANG_WARN_BLOCK_CAPTURE_AUTORELEASING = YES;
				CLANG_WARN_BOOL_CONVERSION = YES;
				CLANG_WARN_COMMA = YES;
				CLANG_WARN_CONSTANT_CONVERSION = YES;
				CLANG_WARN_DEPRECATED_OBJC_IMPLEMENTATIONS = YES;
				CLANG_WARN_DIRECT_OBJC_ISA_USAGE = YES_ERROR;
				CLANG_WARN_DOCUMENTATION_COMMENTS = YES;
				CLANG_WARN_EMPTY_BODY = YES;
				CLANG_WARN_ENUM_CONVERSION = YES;
				CLANG_WARN_INFINITE_RECURSION = YES;
				CLANG_WARN_INT_CONVERSION = YES;
				CLANG_WARN_NON_LITERAL_NULL_CONVERSION = YES;
				CLANG_WARN_OBJC_IMPLICIT_RETAIN_SELF = YES;
				CLANG_WARN_OBJC_LITERAL_CONVERSION = YES;
				CLANG_WARN_OBJC_ROOT_CLASS = YES_ERROR;
				CLANG_WARN_QUOTED_INCLUDE_IN_FRAMEWORK_HEADER = YES;
				CLANG_WARN_RANGE_LOOP_ANALYSIS = YES;
				CLANG_WARN_STRICT_PROTOTYPES = YES;
				CLANG_WARN_SUSPICIOUS_MOVE = YES;
				CLANG_WARN_UNGUARDED_AVAILABILITY = YES_AGGRESSIVE;
				CLANG_WARN_UNREACHABLE_CODE = YES;
				CLANG_WARN__DUPLICATE_METHOD_MATCH = YES;
				COPY_PHASE_STRIP = NO;
				DEBUG_INFORMATION_FORMAT = "dwarf-with-dsym";
				ENABLE_NS_ASSERTIONS = NO;
				ENABLE_STRICT_OBJC_MSGSEND = YES;
				GCC_C_LANGUAGE_STANDARD = gnu11;
				GCC_NO_COMMON_BLOCKS = YES;
				GCC_WARN_64_TO_32_BIT_CONVERSION = YES;
				GCC_WARN_ABOUT_RETURN_TYPE = YES_ERROR;
				GCC_WARN_UNDECLARED_SELECTOR = YES;
				GCC_WARN_UNINITIALIZED_AUTOS = YES_AGGRESSIVE;
				GCC_WARN_UNUSED_FUNCTION = YES;
				GCC_WARN_UNUSED_VARIABLE = YES;
				MACOSX_DEPLOYMENT_TARGET = 11.3;
				MTL_ENABLE_DEBUG_INFO = NO;
				MTL_FAST_MATH = YES;
				SDKROOT = macosx;
			};
			name = Release;
		};
		2C2CBF6A26556BFB006D96A4 /* Debug */ = {
			isa = XCBuildConfiguration;
			buildSettings = {
				CODE_SIGN_STYLE = Automatic;
				DEVELOPMENT_TEAM = 7V3CUZQKCG;
				ENABLE_HARDENED_RUNTIME = YES;
				PRODUCT_NAME = "$(TARGET_NAME)";
			};
			name = Debug;
		};
		2C2CBF6B26556BFB006D96A4 /* Release */ = {
			isa = XCBuildConfiguration;
			buildSettings = {
				CODE_SIGN_STYLE = Automatic;
				DEVELOPMENT_TEAM = 7V3CUZQKCG;
				ENABLE_HARDENED_RUNTIME = YES;
				PRODUCT_NAME = "$(TARGET_NAME)";
			};
			name = Release;
		};
		2CDF3CDC265EC6BC00A31FD1 /* Debug */ = {
			isa = XCBuildConfiguration;
			buildSettings = {
				CODE_SIGN_STYLE = Automatic;
				DEVELOPMENT_TEAM = 7V3CUZQKCG;
				EXECUTABLE_PREFIX = lib;
				PRODUCT_NAME = "$(TARGET_NAME)";
				SKIP_INSTALL = YES;
			};
			name = Debug;
		};
		2CDF3CDD265EC6BC00A31FD1 /* Release */ = {
			isa = XCBuildConfiguration;
			buildSettings = {
				CODE_SIGN_STYLE = Automatic;
				DEVELOPMENT_TEAM = 7V3CUZQKCG;
				EXECUTABLE_PREFIX = lib;
				PRODUCT_NAME = "$(TARGET_NAME)";
				SKIP_INSTALL = YES;
			};
			name = Release;
		};
/* End XCBuildConfiguration section */

/* Begin XCConfigurationList section */
		2C287922265F709D007F1DF8 /* Build configuration list for PBXNativeTarget "ivrObjc" */ = {
			isa = XCConfigurationList;
			buildConfigurations = (
				2C287923265F709D007F1DF8 /* Debug */,
				2C287924265F709D007F1DF8 /* Release */,
			);
			defaultConfigurationIsVisible = 0;
			defaultConfigurationName = Release;
		};
		2C2CBF5D26556BFB006D96A4 /* Build configuration list for PBXProject "ivr" */ = {
			isa = XCConfigurationList;
			buildConfigurations = (
				2C2CBF6726556BFB006D96A4 /* Debug */,
				2C2CBF6826556BFB006D96A4 /* Release */,
			);
			defaultConfigurationIsVisible = 0;
			defaultConfigurationName = Release;
		};
		2C2CBF6926556BFB006D96A4 /* Build configuration list for PBXNativeTarget "ivr" */ = {
			isa = XCConfigurationList;
			buildConfigurations = (
				2C2CBF6A26556BFB006D96A4 /* Debug */,
				2C2CBF6B26556BFB006D96A4 /* Release */,
			);
			defaultConfigurationIsVisible = 0;
			defaultConfigurationName = Release;
		};
		2CDF3CDE265EC6BC00A31FD1 /* Build configuration list for PBXNativeTarget "IVCReader" */ = {
			isa = XCConfigurationList;
			buildConfigurations = (
				2CDF3CDC265EC6BC00A31FD1 /* Debug */,
				2CDF3CDD265EC6BC00A31FD1 /* Release */,
			);
			defaultConfigurationIsVisible = 0;
			defaultConfigurationName = Release;
		};
/* End XCConfigurationList section */
	};
	rootObject = 2C2CBF5A26556BFB006D96A4 /* Project object */;
}
